{
  "name": "Finantrol",
  "lockfileVersion": 2,
  "requires": true,
  "packages": {
    "": {
      "dependencies": {
        "reactjs-localstorage": "^1.0.1"
      },
      "devDependencies": {
        "@types/reactjs-localstorage": "^1.0.0"
      }
    },
    "node_modules/@types/reactjs-localstorage": {
      "version": "1.0.0",
      "resolved": "https://registry.npmjs.org/@types/reactjs-localstorage/-/reactjs-localstorage-1.0.0.tgz",
      "integrity": "sha512-0Y3f/vGR3yz46yfoqtyVljTfnKxYZVC87p2AXouO3Fc14/aBOUt8oKTLCDej8/sd5+yqx6WA2YBUsT2eSXx5cA==",
      "dev": true
    },
    "node_modules/reactjs-localstorage": {
      "version": "1.0.1",
      "resolved": "https://registry.npmjs.org/reactjs-localstorage/-/reactjs-localstorage-1.0.1.tgz",
      "integrity": "sha512-eNSwfiVyVDhfjw9h83PBvgqQcFxmyK6KGPrPlutuaaTlALRZVQLZ0MAN72iU9UT+bKtscwtdogHQ2ikZ7rjT+w=="
    }
  },
  "dependencies": {
    "@types/reactjs-localstorage": {
      "version": "1.0.0",
      "resolved": "https://registry.npmjs.org/@types/reactjs-localstorage/-/reactjs-localstorage-1.0.0.tgz",
      "integrity": "sha512-0Y3f/vGR3yz46yfoqtyVljTfnKxYZVC87p2AXouO3Fc14/aBOUt8oKTLCDej8/sd5+yqx6WA2YBUsT2eSXx5cA==",
      "dev": true
    },
    "reactjs-localstorage": {
      "version": "1.0.1",
      "resolved": "https://registry.npmjs.org/reactjs-localstorage/-/reactjs-localstorage-1.0.1.tgz",
      "integrity": "sha512-eNSwfiVyVDhfjw9h83PBvgqQcFxmyK6KGPrPlutuaaTlALRZVQLZ0MAN72iU9UT+bKtscwtdogHQ2ikZ7rjT+w=="
    }
  }
}
